
Microsoft Visual Studio Solution File, Format Version 12.00
# Visual Studio 15
VisualStudioVersion = 15.0.27004.2005
MinimumVisualStudioVersion = 10.0.40219.1
Project("{FAE04EC0-301F-11D3-BF4B-00C04F79EFBC}") = "SpeechToTextTutorial", "SpeechToTextTutorial\SpeechToTextTutorial.csproj", "{DD2481CB-6821-4D4C-921D-9CA2598670D1}"
EndProject
Global
	GlobalSection(SolutionConfigurationPlatforms) = preSolution
		Debug|Any CPU = Debug|Any CPU
		Release|Any CPU = Release|Any CPU
	EndGlobalSection
	GlobalSection(ProjectConfigurationPlatforms) = postSolution
		{DD2481CB-6821-4D4C-921D-9CA2598670D1}.Debug|Any CPU.ActiveCfg = Debug|Any CPU
		{DD2481CB-6821-4D4C-921D-9CA2598670D1}.Debug|Any CPU.Build.0 = Debug|Any CPU
		{DD2481CB-6821-4D4C-921D-9CA2598670D1}.Release|Any CPU.ActiveCfg = Release|Any CPU
		{DD2481CB-6821-4D4C-921D-9CA2598670D1}.Release|Any CPU.Build.0 = Release|Any CPU
	EndGlobalSection
	GlobalSection(SolutionProperties) = preSolution
		HideSolutionNode = FALSE
	EndGlobalSection
	GlobalSection(ExtensibilityGlobals) = postSolution
		SolutionGuid = {4A115582-51AF-42A4-846A-630BE48161DE}
	EndGlobalSection
EndGlobal
